
Microsoft Visual Studio Solution File, Format Version 12.00
# Visual Studio 2017
Project("{FAE04EC0-301F-11D3-BF4B-00C04F79EFBC}") = "BowlGamer", "BowlGamer.csproj", "{8E52F48F-AFAF-C41A-6847-E130C39DD13C}"
EndProject
Project("{FAE04EC0-301F-11D3-BF4B-00C04F79EFBC}") = "BowlGamer.Editor", "BowlGamer.Editor.csproj", "{06CA3E1D-CEA1-4053-8C41-81F7CC2100A1}"
EndProject
Global
	GlobalSection(SolutionConfigurationPlatforms) = preSolution
		Debug|Any CPU = Debug|Any CPU
		Release|Any CPU = Release|Any CPU
	EndGlobalSection
	GlobalSection(ProjectConfigurationPlatforms) = postSolution
		{8E52F48F-AFAF-C41A-6847-E130C39DD13C}.Debug|Any CPU.ActiveCfg = Debug|Any CPU
		{8E52F48F-AFAF-C41A-6847-E130C39DD13C}.Debug|Any CPU.Build.0 = Debug|Any CPU
		{8E52F48F-AFAF-C41A-6847-E130C39DD13C}.Release|Any CPU.ActiveCfg = Release|Any CPU
		{8E52F48F-AFAF-C41A-6847-E130C39DD13C}.Release|Any CPU.Build.0 = Release|Any CPU
		{06CA3E1D-CEA1-4053-8C41-81F7CC2100A1}.Debug|Any CPU.ActiveCfg = Debug|Any CPU
		{06CA3E1D-CEA1-4053-8C41-81F7CC2100A1}.Debug|Any CPU.Build.0 = Debug|Any CPU
		{06CA3E1D-CEA1-4053-8C41-81F7CC2100A1}.Release|Any CPU.ActiveCfg = Release|Any CPU
		{06CA3E1D-CEA1-4053-8C41-81F7CC2100A1}.Release|Any CPU.Build.0 = Release|Any CPU
	EndGlobalSection
	GlobalSection(SolutionProperties) = preSolution
		HideSolutionNode = FALSE
	EndGlobalSection
EndGlobal
